
Microsoft Visual Studio Solution File, Format Version 12.00
# Visual Studio Version 16
VisualStudioVersion = 16.0.30104.148
MinimumVisualStudioVersion = 10.0.40219.1
Project("{FAE04EC0-301F-11D3-BF4B-00C04F79EFBC}") = "thunder_distance_cal", "thunder_distance_cal\thunder_distance_cal.csproj", "{F26144BA-4C13-4F85-B3FB-F49DA857B940}"
EndProject
Global
	GlobalSection(SolutionConfigurationPlatforms) = preSolution
		Debug|Any CPU = Debug|Any CPU
		Release|Any CPU = Release|Any CPU
	EndGlobalSection
	GlobalSection(ProjectConfigurationPlatforms) = postSolution
		{F26144BA-4C13-4F85-B3FB-F49DA857B940}.Debug|Any CPU.ActiveCfg = Debug|Any CPU
		{F26144BA-4C13-4F85-B3FB-F49DA857B940}.Debug|Any CPU.Build.0 = Debug|Any CPU
		{F26144BA-4C13-4F85-B3FB-F49DA857B940}.Release|Any CPU.ActiveCfg = Release|Any CPU
		{F26144BA-4C13-4F85-B3FB-F49DA857B940}.Release|Any CPU.Build.0 = Release|Any CPU
	EndGlobalSection
	GlobalSection(SolutionProperties) = preSolution
		HideSolutionNode = FALSE
	EndGlobalSection
	GlobalSection(ExtensibilityGlobals) = postSolution
		SolutionGuid = {8FB63D10-6DF2-4479-B559-7F0B0DC96BA0}
	EndGlobalSection
EndGlobal
